
Microsoft Visual Studio Solution File, Format Version 11.00
# Visual Studio 2010
Project("{FAE04EC0-301F-11D3-BF4B-00C04F79EFBC}") = "RingtoneSaver", "RingtoneSaver\RingtoneSaver.csproj", "{70F799FB-F1DC-40ED-BE4F-22024D2F8763}"
EndProject
Project("{FAE04EC0-301F-11D3-BF4B-00C04F79EFBC}") = "AudioControls", "AudioControls\AudioControls.csproj", "{F830D4FE-32CA-4CAB-BED8-39C6908EFBC5}"
EndProject
Project("{FAE04EC0-301F-11D3-BF4B-00C04F79EFBC}") = "PhoneUtils", "PhoneUtils\PhoneUtils.csproj", "{556AE3EC-B642-4CCA-A942-873E95EE5625}"
EndProject
Global
	GlobalSection(SolutionConfigurationPlatforms) = preSolution
		Debug|Any CPU = Debug|Any CPU
		Release|Any CPU = Release|Any CPU
	EndGlobalSection
	GlobalSection(ProjectConfigurationPlatforms) = postSolution
		{70F799FB-F1DC-40ED-BE4F-22024D2F8763}.Debug|Any CPU.ActiveCfg = Debug|Any CPU
		{70F799FB-F1DC-40ED-BE4F-22024D2F8763}.Debug|Any CPU.Build.0 = Debug|Any CPU
		{70F799FB-F1DC-40ED-BE4F-22024D2F8763}.Debug|Any CPU.Deploy.0 = Debug|Any CPU
		{70F799FB-F1DC-40ED-BE4F-22024D2F8763}.Release|Any CPU.ActiveCfg = Release|Any CPU
		{70F799FB-F1DC-40ED-BE4F-22024D2F8763}.Release|Any CPU.Build.0 = Release|Any CPU
		{70F799FB-F1DC-40ED-BE4F-22024D2F8763}.Release|Any CPU.Deploy.0 = Release|Any CPU
		{F830D4FE-32CA-4CAB-BED8-39C6908EFBC5}.Debug|Any CPU.ActiveCfg = Debug|Any CPU
		{F830D4FE-32CA-4CAB-BED8-39C6908EFBC5}.Debug|Any CPU.Build.0 = Debug|Any CPU
		{F830D4FE-32CA-4CAB-BED8-39C6908EFBC5}.Release|Any CPU.ActiveCfg = Release|Any CPU
		{F830D4FE-32CA-4CAB-BED8-39C6908EFBC5}.Release|Any CPU.Build.0 = Release|Any CPU
		{556AE3EC-B642-4CCA-A942-873E95EE5625}.Debug|Any CPU.ActiveCfg = Debug|Any CPU
		{556AE3EC-B642-4CCA-A942-873E95EE5625}.Debug|Any CPU.Build.0 = Debug|Any CPU
		{556AE3EC-B642-4CCA-A942-873E95EE5625}.Release|Any CPU.ActiveCfg = Release|Any CPU
		{556AE3EC-B642-4CCA-A942-873E95EE5625}.Release|Any CPU.Build.0 = Release|Any CPU
	EndGlobalSection
	GlobalSection(SolutionProperties) = preSolution
		HideSolutionNode = FALSE
	EndGlobalSection
EndGlobal
